<?xml version="1.0" encoding="UTF-8" standalone="yes" ?>
<CodeBlocks_project_file>
	<FileVersion major="1" minor="6" />
	<Project>
		<Option title="MathTut01_Mingw" />
		<Option pch_mode="2" />
		<Option compiler="gcc" />
		<Build>
			<Target title="Debug">
				<Option output="../build/mingw/mathTut01" prefix_auto="1" extension_auto="1" />
				<Option object_output="../objs" />
				<Option type="1" />
				<Option compiler="gcc" />
				<Compiler>
					<Add option="-g" />
					<Add option="-ffast-math" />
					<Add option="-funsafe-math-optimizations" />
					<Add directory="../../../../releases/1.0/headers/Gamecore" />
					<Add directory="../../../../releases/1.0/headers" />
				</Compiler>
				<Linker>
					<Add library="mingw32" />
					<Add library="SMF" />
					<Add library="ole32" />
					<Add library="psapi" />
					<Add library="imagehlp" />
					<Add library="uuid" />
					<Add library="winmm" />
					<Add directory="../../../../releasesxxx/1.0/lib/win/Debug" />
					<Add directory="../../../../build/win/Debug" />
				</Linker>
			</Target>
			<Target title="Release">
				<Option output="bin/Release/Teste01_Mingw" prefix_auto="1" extension_auto="1" />
				<Option object_output="obj/Release/" />
				<Option type="1" />
				<Option compiler="gcc" />
				<Compiler>
					<Add option="-O2" />
				</Compiler>
				<Linker>
					<Add option="-s" />
				</Linker>
			</Target>
		</Build>
		<Compiler>
			<Add option="-Wall" />
		</Compiler>
		<Linker>
			<Add option="-lmingw32" />
		</Linker>
		<Unit filename="../src/main.cpp" />
		<Extensions>
			<code_completion />
			<envvars />
			<debugger />
		</Extensions>
	</Project>
</CodeBlocks_project_file>
